
Microsoft Visual Studio Solution File, Format Version 12.00
# Visual Studio Version 17
VisualStudioVersion = 17.0.31903.59
MinimumVisualStudioVersion = 10.0.40219.1
Project("{FAE04EC0-301F-11D3-BF4B-00C04F79EFBC}") = "AppWithPlugin", "AppWithPlugin\AppWithPlugin.csproj", "{C6E7D7AF-C201-49A1-BB3E-D70A0CD924BF}"
EndProject
Project("{FAE04EC0-301F-11D3-BF4B-00C04F79EFBC}") = "PluginBase", "PluginBase\PluginBase.csproj", "{A933677C-379C-477E-8DAF-909CC6ED2906}"
EndProject
Project("{FAE04EC0-301F-11D3-BF4B-00C04F79EFBC}") = "HelloPlugin", "HelloPlugin\HelloPlugin.csproj", "{92D0A486-302B-4234-9375-ACC2AC43967C}"
EndProject
Global
	GlobalSection(SolutionConfigurationPlatforms) = preSolution
		Debug|Any CPU = Debug|Any CPU
		Release|Any CPU = Release|Any CPU
	EndGlobalSection
	GlobalSection(SolutionProperties) = preSolution
		HideSolutionNode = FALSE
	EndGlobalSection
	GlobalSection(ProjectConfigurationPlatforms) = postSolution
		{C6E7D7AF-C201-49A1-BB3E-D70A0CD924BF}.Debug|Any CPU.ActiveCfg = Debug|Any CPU
		{C6E7D7AF-C201-49A1-BB3E-D70A0CD924BF}.Debug|Any CPU.Build.0 = Debug|Any CPU
		{C6E7D7AF-C201-49A1-BB3E-D70A0CD924BF}.Release|Any CPU.ActiveCfg = Release|Any CPU
		{C6E7D7AF-C201-49A1-BB3E-D70A0CD924BF}.Release|Any CPU.Build.0 = Release|Any CPU
		{A933677C-379C-477E-8DAF-909CC6ED2906}.Debug|Any CPU.ActiveCfg = Debug|Any CPU
		{A933677C-379C-477E-8DAF-909CC6ED2906}.Debug|Any CPU.Build.0 = Debug|Any CPU
		{A933677C-379C-477E-8DAF-909CC6ED2906}.Release|Any CPU.ActiveCfg = Release|Any CPU
		{A933677C-379C-477E-8DAF-909CC6ED2906}.Release|Any CPU.Build.0 = Release|Any CPU
		{92D0A486-302B-4234-9375-ACC2AC43967C}.Debug|Any CPU.ActiveCfg = Debug|Any CPU
		{92D0A486-302B-4234-9375-ACC2AC43967C}.Debug|Any CPU.Build.0 = Debug|Any CPU
		{92D0A486-302B-4234-9375-ACC2AC43967C}.Release|Any CPU.ActiveCfg = Release|Any CPU
		{92D0A486-302B-4234-9375-ACC2AC43967C}.Release|Any CPU.Build.0 = Release|Any CPU
	EndGlobalSection
EndGlobal
